// !$*UTF8*$!
{
	archiveVersion = 1;
	classes = {
	};
	objectVersion = 55;
	objects = {

/* Begin PBXBuildFile section */
		846506EB28524D000006C021 /* MoonshotApp.swift in Sources */ = {isa = PBXBuildFile; fileRef = 846506EA28524D000006C021 /* MoonshotApp.swift */; };
		846506ED28524D000006C021 /* ContentView.swift in Sources */ = {isa = PBXBuildFile; fileRef = 846506EC28524D000006C021 /* ContentView.swift */; };
		846506EF28524D050006C021 /* Assets.xcassets in Resources */ = {isa = PBXBuildFile; fileRef = 846506EE28524D050006C021 /* Assets.xcassets */; };
		846506F228524D050006C021 /* Preview Assets.xcassets in Resources */ = {isa = PBXBuildFile; fileRef = 846506F128524D050006C021 /* Preview Assets.xcassets */; };
		846506FA28524D470006C021 /* astronauts.json in Resources */ = {isa = PBXBuildFile; fileRef = 846506F828524D470006C021 /* astronauts.json */; };
		846506FB28524D470006C021 /* missions.json in Resources */ = {isa = PBXBuildFile; fileRef = 846506F928524D470006C021 /* missions.json */; };
		846506FD28524DFF0006C021 /* Astronaut.swift in Sources */ = {isa = PBXBuildFile; fileRef = 846506FC28524DFF0006C021 /* Astronaut.swift */; };
		84650701285255620006C021 /* Bundle_Accesser.swift in Sources */ = {isa = PBXBuildFile; fileRef = 84650700285255620006C021 /* Bundle_Accesser.swift */; };
		84650703285256AF0006C021 /* Mission.swift in Sources */ = {isa = PBXBuildFile; fileRef = 84650702285256AF0006C021 /* Mission.swift */; };
		846507052853C9FE0006C021 /* Color_Scheme.swift in Sources */ = {isa = PBXBuildFile; fileRef = 846507042853C9FD0006C021 /* Color_Scheme.swift */; };
		8465072D28566CC40006C021 /* MissionView.swift in Sources */ = {isa = PBXBuildFile; fileRef = 8465072C28566CC40006C021 /* MissionView.swift */; };
		84905995285A32850065662B /* AstronautView.swift in Sources */ = {isa = PBXBuildFile; fileRef = 84905994285A32850065662B /* AstronautView.swift */; };
		849059AC285CEE290065662B /* CustomDivider.swift in Sources */ = {isa = PBXBuildFile; fileRef = 849059AB285CEE290065662B /* CustomDivider.swift */; };
		849059AE285CEED10065662B /* CrewMemberView.swift in Sources */ = {isa = PBXBuildFile; fileRef = 849059AD285CEED10065662B /* CrewMemberView.swift */; };
		849059B0285CF7370065662B /* GridLayout.swift in Sources */ = {isa = PBXBuildFile; fileRef = 849059AF285CF7370065662B /* GridLayout.swift */; };
		849059B2285CF90F0065662B /* LinerLayout.swift in Sources */ = {isa = PBXBuildFile; fileRef = 849059B1285CF90F0065662B /* LinerLayout.swift */; };
/* End PBXBuildFile section */

/* Begin PBXFileReference section */
		846506E728524D000006C021 /* Moonshot.app */ = {isa = PBXFileReference; explicitFileType = wrapper.application; includeInIndex = 0; path = Moonshot.app; sourceTree = BUILT_PRODUCTS_DIR; };
		846506EA28524D000006C021 /* MoonshotApp.swift */ = {isa = PBXFileReference; lastKnownFileType = sourcecode.swift; path = MoonshotApp.swift; sourceTree = "<group>"; };
		846506EC28524D000006C021 /* ContentView.swift */ = {isa = PBXFileReference; lastKnownFileType = sourcecode.swift; path = ContentView.swift; sourceTree = "<group>"; };
		846506EE28524D050006C021 /* Assets.xcassets */ = {isa = PBXFileReference; lastKnownFileType = folder.assetcatalog; path = Assets.xcassets; sourceTree = "<group>"; };
		846506F128524D050006C021 /* Preview Assets.xcassets */ = {isa = PBXFileReference; lastKnownFileType = folder.assetcatalog; path = "Preview Assets.xcassets"; sourceTree = "<group>"; };
		846506F828524D470006C021 /* astronauts.json */ = {isa = PBXFileReference; fileEncoding = 4; lastKnownFileType = text.json; path = astronauts.json; sourceTree = "<group>"; };
		846506F928524D470006C021 /* missions.json */ = {isa = PBXFileReference; fileEncoding = 4; lastKnownFileType = text.json; path = missions.json; sourceTree = "<group>"; };
		846506FC28524DFF0006C021 /* Astronaut.swift */ = {isa = PBXFileReference; lastKnownFileType = sourcecode.swift; path = Astronaut.swift; sourceTree = "<group>"; };
		84650700285255620006C021 /* Bundle_Accesser.swift */ = {isa = PBXFileReference; lastKnownFileType = sourcecode.swift; path = Bundle_Accesser.swift; sourceTree = "<group>"; };
		84650702285256AF0006C021 /* Mission.swift */ = {isa = PBXFileReference; lastKnownFileType = sourcecode.swift; path = Mission.swift; sourceTree = "<group>"; };
		846507042853C9FD0006C021 /* Color_Scheme.swift */ = {isa = PBXFileReference; lastKnownFileType = sourcecode.swift; path = Color_Scheme.swift; sourceTree = "<group>"; };
		8465072C28566CC40006C021 /* MissionView.swift */ = {isa = PBXFileReference; lastKnownFileType = sourcecode.swift; path = MissionView.swift; sourceTree = "<group>"; };
		84905994285A32850065662B /* AstronautView.swift */ = {isa = PBXFileReference; lastKnownFileType = sourcecode.swift; path = AstronautView.swift; sourceTree = "<group>"; };
		849059AB285CEE290065662B /* CustomDivider.swift */ = {isa = PBXFileReference; lastKnownFileType = sourcecode.swift; path = CustomDivider.swift; sourceTree = "<group>"; };
		849059AD285CEED10065662B /* CrewMemberView.swift */ = {isa = PBXFileReference; lastKnownFileType = sourcecode.swift; path = CrewMemberView.swift; sourceTree = "<group>"; };
		849059AF285CF7370065662B /* GridLayout.swift */ = {isa = PBXFileReference; lastKnownFileType = sourcecode.swift; path = GridLayout.swift; sourceTree = "<group>"; };
		849059B1285CF90F0065662B /* LinerLayout.swift */ = {isa = PBXFileReference; lastKnownFileType = sourcecode.swift; path = LinerLayout.swift; sourceTree = "<group>"; };
/* End PBXFileReference section */

/* Begin PBXFrameworksBuildPhase section */
		846506E428524D000006C021 /* Frameworks */ = {
			isa = PBXFrameworksBuildPhase;
			buildActionMask = 2147483647;
			files = (
			);
			runOnlyForDeploymentPostprocessing = 0;
		};
/* End PBXFrameworksBuildPhase section */

/* Begin PBXGroup section */
		846506DE28524D000006C021 = {
			isa = PBXGroup;
			children = (
				846506E928524D000006C021 /* Moonshot */,
				846506E828524D000006C021 /* Products */,
			);
			sourceTree = "<group>";
		};
		846506E828524D000006C021 /* Products */ = {
			isa = PBXGroup;
			children = (
				846506E728524D000006C021 /* Moonshot.app */,
			);
			name = Products;
			sourceTree = "<group>";
		};
		846506E928524D000006C021 /* Moonshot */ = {
			isa = PBXGroup;
			children = (
				849059A9285CED4A0065662B /* Resource */,
				849059A8285CED290065662B /* Models */,
				849059A7285CED110065662B /* Views */,
				849059A6285CECFB0065662B /* Tools */,
				846506EA28524D000006C021 /* MoonshotApp.swift */,
				846506EE28524D050006C021 /* Assets.xcassets */,
				846506F028524D050006C021 /* Preview Content */,
			);
			path = Moonshot;
			sourceTree = "<group>";
		};
		846506F028524D050006C021 /* Preview Content */ = {
			isa = PBXGroup;
			children = (
				846506F128524D050006C021 /* Preview Assets.xcassets */,
			);
			path = "Preview Content";
			sourceTree = "<group>";
		};
		849059A6285CECFB0065662B /* Tools */ = {
			isa = PBXGroup;
			children = (
				846507042853C9FD0006C021 /* Color_Scheme.swift */,
				84650700285255620006C021 /* Bundle_Accesser.swift */,
			);
			path = Tools;
			sourceTree = "<group>";
		};
		849059A7285CED110065662B /* Views */ = {
			isa = PBXGroup;
			children = (
				849059AA285CED870065662B /* CustomViews */,
				846506EC28524D000006C021 /* ContentView.swift */,
				84905994285A32850065662B /* AstronautView.swift */,
				8465072C28566CC40006C021 /* MissionView.swift */,
			);
			path = Views;
			sourceTree = "<group>";
		};
		849059A8285CED290065662B /* Models */ = {
			isa = PBXGroup;
			children = (
				846506FC28524DFF0006C021 /* Astronaut.swift */,
				84650702285256AF0006C021 /* Mission.swift */,
			);
			path = Models;
			sourceTree = "<group>";
		};
		849059A9285CED4A0065662B /* Resource */ = {
			isa = PBXGroup;
			children = (
				846506F928524D470006C021 /* missions.json */,
				846506F828524D470006C021 /* astronauts.json */,
			);
			path = Resource;
			sourceTree = "<group>";
		};
		849059AA285CED870065662B /* CustomViews */ = {
			isa = PBXGroup;
			children = (
				849059AD285CEED10065662B /* CrewMemberView.swift */,
				849059AB285CEE290065662B /* CustomDivider.swift */,
				849059AF285CF7370065662B /* GridLayout.swift */,
				849059B1285CF90F0065662B /* LinerLayout.swift */,
			);
			path = CustomViews;
			sourceTree = "<group>";
		};
/* End PBXGroup section */

/* Begin PBXNativeTarget section */
		846506E628524D000006C021 /* Moonshot */ = {
			isa = PBXNativeTarget;
			buildConfigurationList = 846506F528524D050006C021 /* Build configuration list for PBXNativeTarget "Moonshot" */;
			buildPhases = (
				846506E328524D000006C021 /* Sources */,
				846506E428524D000006C021 /* Frameworks */,
				846506E528524D000006C021 /* Resources */,
			);
			buildRules = (
			);
			dependencies = (
			);
			name = Moonshot;
			productName = Moonshot;
			productReference = 846506E728524D000006C021 /* Moonshot.app */;
			productType = "com.apple.product-type.application";
		};
/* End PBXNativeTarget section */

/* Begin PBXProject section */
		846506DF28524D000006C021 /* Project object */ = {
			isa = PBXProject;
			attributes = {
				BuildIndependentTargetsInParallel = 1;
				LastSwiftUpdateCheck = 1320;
				LastUpgradeCheck = 1320;
				TargetAttributes = {
					846506E628524D000006C021 = {
						CreatedOnToolsVersion = 13.2.1;
					};
				};
			};
			buildConfigurationList = 846506E228524D000006C021 /* Build configuration list for PBXProject "Moonshot" */;
			compatibilityVersion = "Xcode 13.0";
			developmentRegion = en;
			hasScannedForEncodings = 0;
			knownRegions = (
				en,
				Base,
			);
			mainGroup = 846506DE28524D000006C021;
			productRefGroup = 846506E828524D000006C021 /* Products */;
			projectDirPath = "";
			projectRoot = "";
			targets = (
				846506E628524D000006C021 /* Moonshot */,
			);
		};
/* End PBXProject section */

/* Begin PBXResourcesBuildPhase section */
		846506E528524D000006C021 /* Resources */ = {
			isa = PBXResourcesBuildPhase;
			buildActionMask = 2147483647;
			files = (
				846506FA28524D470006C021 /* astronauts.json in Resources */,
				846506F228524D050006C021 /* Preview Assets.xcassets in Resources */,
				846506FB28524D470006C021 /* missions.json in Resources */,
				846506EF28524D050006C021 /* Assets.xcassets in Resources */,
			);
			runOnlyForDeploymentPostprocessing = 0;
		};
/* End PBXResourcesBuildPhase section */

/* Begin PBXSourcesBuildPhase section */
		846506E328524D000006C021 /* Sources */ = {
			isa = PBXSourcesBuildPhase;
			buildActionMask = 2147483647;
			files = (
				849059B2285CF90F0065662B /* LinerLayout.swift in Sources */,
				8465072D28566CC40006C021 /* MissionView.swift in Sources */,
				846507052853C9FE0006C021 /* Color_Scheme.swift in Sources */,
				84905995285A32850065662B /* AstronautView.swift in Sources */,
				846506FD28524DFF0006C021 /* Astronaut.swift in Sources */,
				846506ED28524D000006C021 /* ContentView.swift in Sources */,
				84650701285255620006C021 /* Bundle_Accesser.swift in Sources */,
				84650703285256AF0006C021 /* Mission.swift in Sources */,
				846506EB28524D000006C021 /* MoonshotApp.swift in Sources */,
				849059AC285CEE290065662B /* CustomDivider.swift in Sources */,
				849059AE285CEED10065662B /* CrewMemberView.swift in Sources */,
				849059B0285CF7370065662B /* GridLayout.swift in Sources */,
			);
			runOnlyForDeploymentPostprocessing = 0;
		};
/* End PBXSourcesBuildPhase section */

/* Begin XCBuildConfiguration section */
		846506F328524D050006C021 /* Debug */ = {
			isa = XCBuildConfiguration;
			buildSettings = {
				ALWAYS_SEARCH_USER_PATHS = NO;
				CLANG_ANALYZER_NONNULL = YES;
				CLANG_ANALYZER_NUMBER_OBJECT_CONVERSION = YES_AGGRESSIVE;
				CLANG_CXX_LANGUAGE_STANDARD = "gnu++17";
				CLANG_CXX_LIBRARY = "libc++";
				CLANG_ENABLE_MODULES = YES;
				CLANG_ENABLE_OBJC_ARC = YES;
				CLANG_ENABLE_OBJC_WEAK = YES;
				CLANG_WARN_BLOCK_CAPTURE_AUTORELEASING = YES;
				CLANG_WARN_BOOL_CONVERSION = YES;
				CLANG_WARN_COMMA = YES;
				CLANG_WARN_CONSTANT_CONVERSION = YES;
				CLANG_WARN_DEPRECATED_OBJC_IMPLEMENTATIONS = YES;
				CLANG_WARN_DIRECT_OBJC_ISA_USAGE = YES_ERROR;
				CLANG_WARN_DOCUMENTATION_COMMENTS = YES;
				CLANG_WARN_EMPTY_BODY = YES;
				CLANG_WARN_ENUM_CONVERSION = YES;
				CLANG_WARN_INFINITE_RECURSION = YES;
				CLANG_WARN_INT_CONVERSION = YES;
				CLANG_WARN_NON_LITERAL_NULL_CONVERSION = YES;
				CLANG_WARN_OBJC_IMPLICIT_RETAIN_SELF = YES;
				CLANG_WARN_OBJC_LITERAL_CONVERSION = YES;
				CLANG_WARN_OBJC_ROOT_CLASS = YES_ERROR;
				CLANG_WARN_QUOTED_INCLUDE_IN_FRAMEWORK_HEADER = YES;
				CLANG_WARN_RANGE_LOOP_ANALYSIS = YES;
				CLANG_WARN_STRICT_PROTOTYPES = YES;
				CLANG_WARN_SUSPICIOUS_MOVE = YES;
				CLANG_WARN_UNGUARDED_AVAILABILITY = YES_AGGRESSIVE;
				CLANG_WARN_UNREACHABLE_CODE = YES;
				CLANG_WARN__DUPLICATE_METHOD_MATCH = YES;
				COPY_PHASE_STRIP = NO;
				DEBUG_INFORMATION_FORMAT = dwarf;
				ENABLE_STRICT_OBJC_MSGSEND = YES;
				ENABLE_TESTABILITY = YES;
				GCC_C_LANGUAGE_STANDARD = gnu11;
				GCC_DYNAMIC_NO_PIC = NO;
				GCC_NO_COMMON_BLOCKS = YES;
				GCC_OPTIMIZATION_LEVEL = 0;
				GCC_PREPROCESSOR_DEFINITIONS = (
					"DEBUG=1",
					"$(inherited)",
				);
				GCC_WARN_64_TO_32_BIT_CONVERSION = YES;
				GCC_WARN_ABOUT_RETURN_TYPE = YES_ERROR;
				GCC_WARN_UNDECLARED_SELECTOR = YES;
				GCC_WARN_UNINITIALIZED_AUTOS = YES_AGGRESSIVE;
				GCC_WARN_UNUSED_FUNCTION = YES;
				GCC_WARN_UNUSED_VARIABLE = YES;
				IPHONEOS_DEPLOYMENT_TARGET = 15.2;
				MTL_ENABLE_DEBUG_INFO = INCLUDE_SOURCE;
				MTL_FAST_MATH = YES;
				ONLY_ACTIVE_ARCH = YES;
				SDKROOT = iphoneos;
				SWIFT_ACTIVE_COMPILATION_CONDITIONS = DEBUG;
				SWIFT_OPTIMIZATION_LEVEL = "-Onone";
			};
			name = Debug;
		};
		846506F428524D050006C021 /* Release */ = {
			isa = XCBuildConfiguration;
			buildSettings = {
				ALWAYS_SEARCH_USER_PATHS = NO;
				CLANG_ANALYZER_NONNULL = YES;
				CLANG_ANALYZER_NUMBER_OBJECT_CONVERSION = YES_AGGRESSIVE;
				CLANG_CXX_LANGUAGE_STANDARD = "gnu++17";
				CLANG_CXX_LIBRARY = "libc++";
				CLANG_ENABLE_MODULES = YES;
				CLANG_ENABLE_OBJC_ARC = YES;
				CLANG_ENABLE_OBJC_WEAK = YES;
				CLANG_WARN_BLOCK_CAPTURE_AUTORELEASING = YES;
				CLANG_WARN_BOOL_CONVERSION = YES;
				CLANG_WARN_COMMA = YES;
				CLANG_WARN_CONSTANT_CONVERSION = YES;
				CLANG_WARN_DEPRECATED_OBJC_IMPLEMENTATIONS = YES;
				CLANG_WARN_DIRECT_OBJC_ISA_USAGE = YES_ERROR;
				CLANG_WARN_DOCUMENTATION_COMMENTS = YES;
				CLANG_WARN_EMPTY_BODY = YES;
				CLANG_WARN_ENUM_CONVERSION = YES;
				CLANG_WARN_INFINITE_RECURSION = YES;
				CLANG_WARN_INT_CONVERSION = YES;
				CLANG_WARN_NON_LITERAL_NULL_CONVERSION = YES;
				CLANG_WARN_OBJC_IMPLICIT_RETAIN_SELF = YES;
				CLANG_WARN_OBJC_LITERAL_CONVERSION = YES;
				CLANG_WARN_OBJC_ROOT_CLASS = YES_ERROR;
				CLANG_WARN_QUOTED_INCLUDE_IN_FRAMEWORK_HEADER = YES;
				CLANG_WARN_RANGE_LOOP_ANALYSIS = YES;
				CLANG_WARN_STRICT_PROTOTYPES = YES;
				CLANG_WARN_SUSPICIOUS_MOVE = YES;
				CLANG_WARN_UNGUARDED_AVAILABILITY = YES_AGGRESSIVE;
				CLANG_WARN_UNREACHABLE_CODE = YES;
				CLANG_WARN__DUPLICATE_METHOD_MATCH = YES;
				COPY_PHASE_STRIP = NO;
				DEBUG_INFORMATION_FORMAT = "dwarf-with-dsym";
				ENABLE_NS_ASSERTIONS = NO;
				ENABLE_STRICT_OBJC_MSGSEND = YES;
				GCC_C_LANGUAGE_STANDARD = gnu11;
				GCC_NO_COMMON_BLOCKS = YES;
				GCC_WARN_64_TO_32_BIT_CONVERSION = YES;
				GCC_WARN_ABOUT_RETURN_TYPE = YES_ERROR;
				GCC_WARN_UNDECLARED_SELECTOR = YES;
				GCC_WARN_UNINITIALIZED_AUTOS = YES_AGGRESSIVE;
				GCC_WARN_UNUSED_FUNCTION = YES;
				GCC_WARN_UNUSED_VARIABLE = YES;
				IPHONEOS_DEPLOYMENT_TARGET = 15.2;
				MTL_ENABLE_DEBUG_INFO = NO;
				MTL_FAST_MATH = YES;
				SDKROOT = iphoneos;
				SWIFT_COMPILATION_MODE = wholemodule;
				SWIFT_OPTIMIZATION_LEVEL = "-O";
				VALIDATE_PRODUCT = YES;
			};
			name = Release;
		};
		846506F628524D050006C021 /* Debug */ = {
			isa = XCBuildConfiguration;
			buildSettings = {
				ASSETCATALOG_COMPILER_APPICON_NAME = AppIcon;
				ASSETCATALOG_COMPILER_GLOBAL_ACCENT_COLOR_NAME = AccentColor;
				CODE_SIGN_STYLE = Automatic;
				CURRENT_PROJECT_VERSION = 1;
				DEVELOPMENT_ASSET_PATHS = "\"Moonshot/Preview Content\"";
				ENABLE_PREVIEWS = YES;
				GENERATE_INFOPLIST_FILE = YES;
				INFOPLIST_KEY_UIApplicationSceneManifest_Generation = YES;
				INFOPLIST_KEY_UIApplicationSupportsIndirectInputEvents = YES;
				INFOPLIST_KEY_UILaunchScreen_Generation = YES;
				INFOPLIST_KEY_UISupportedInterfaceOrientations_iPad = "UIInterfaceOrientationPortrait UIInterfaceOrientationPortraitUpsideDown UIInterfaceOrientationLandscapeLeft UIInterfaceOrientationLandscapeRight";
				INFOPLIST_KEY_UISupportedInterfaceOrientations_iPhone = "UIInterfaceOrientationPortrait UIInterfaceOrientationLandscapeLeft UIInterfaceOrientationLandscapeRight";
				LD_RUNPATH_SEARCH_PATHS = (
					"$(inherited)",
					"@executable_path/Frameworks",
				);
				MARKETING_VERSION = 1.0;
				PRODUCT_BUNDLE_IDENTIFIER = com.learn.Moonshot;
				PRODUCT_NAME = "$(TARGET_NAME)";
				SWIFT_EMIT_LOC_STRINGS = YES;
				SWIFT_VERSION = 5.0;
				TARGETED_DEVICE_FAMILY = "1,2";
			};
			name = Debug;
		};
		846506F728524D050006C021 /* Release */ = {
			isa = XCBuildConfiguration;
			buildSettings = {
				ASSETCATALOG_COMPILER_APPICON_NAME = AppIcon;
				ASSETCATALOG_COMPILER_GLOBAL_ACCENT_COLOR_NAME = AccentColor;
				CODE_SIGN_STYLE = Automatic;
				CURRENT_PROJECT_VERSION = 1;
				DEVELOPMENT_ASSET_PATHS = "\"Moonshot/Preview Content\"";
				ENABLE_PREVIEWS = YES;
				GENERATE_INFOPLIST_FILE = YES;
				INFOPLIST_KEY_UIApplicationSceneManifest_Generation = YES;
				INFOPLIST_KEY_UIApplicationSupportsIndirectInputEvents = YES;
				INFOPLIST_KEY_UILaunchScreen_Generation = YES;
				INFOPLIST_KEY_UISupportedInterfaceOrientations_iPad = "UIInterfaceOrientationPortrait UIInterfaceOrientationPortraitUpsideDown UIInterfaceOrientationLandscapeLeft UIInterfaceOrientationLandscapeRight";
				INFOPLIST_KEY_UISupportedInterfaceOrientations_iPhone = "UIInterfaceOrientationPortrait UIInterfaceOrientationLandscapeLeft UIInterfaceOrientationLandscapeRight";
				LD_RUNPATH_SEARCH_PATHS = (
					"$(inherited)",
					"@executable_path/Frameworks",
				);
				MARKETING_VERSION = 1.0;
				PRODUCT_BUNDLE_IDENTIFIER = com.learn.Moonshot;
				PRODUCT_NAME = "$(TARGET_NAME)";
				SWIFT_EMIT_LOC_STRINGS = YES;
				SWIFT_VERSION = 5.0;
				TARGETED_DEVICE_FAMILY = "1,2";
			};
			name = Release;
		};
/* End XCBuildConfiguration section */

/* Begin XCConfigurationList section */
		846506E228524D000006C021 /* Build configuration list for PBXProject "Moonshot" */ = {
			isa = XCConfigurationList;
			buildConfigurations = (
				846506F328524D050006C021 /* Debug */,
				846506F428524D050006C021 /* Release */,
			);
			defaultConfigurationIsVisible = 0;
			defaultConfigurationName = Release;
		};
		846506F528524D050006C021 /* Build configuration list for PBXNativeTarget "Moonshot" */ = {
			isa = XCConfigurationList;
			buildConfigurations = (
				846506F628524D050006C021 /* Debug */,
				846506F728524D050006C021 /* Release */,
			);
			defaultConfigurationIsVisible = 0;
			defaultConfigurationName = Release;
		};
/* End XCConfigurationList section */
	};
	rootObject = 846506DF28524D000006C021 /* Project object */;
}
